
Microsoft Visual Studio Solution File, Format Version 12.00
# Visual Studio Version 16
VisualStudioVersion = 16.0.32228.343
MinimumVisualStudioVersion = 10.0.40219.1
Project("{FAE04EC0-301F-11D3-BF4B-00C04F79EFBC}") = "WindowsFormsApp2", "WindowsFormsApp2\WindowsFormsApp2.csproj", "{FB12E30F-8914-4D43-8F8E-32E66A22C816}"
EndProject
Global
	GlobalSection(SolutionConfigurationPlatforms) = preSolution
		Debug|Any CPU = Debug|Any CPU
		Release|Any CPU = Release|Any CPU
	EndGlobalSection
	GlobalSection(ProjectConfigurationPlatforms) = postSolution
		{FB12E30F-8914-4D43-8F8E-32E66A22C816}.Debug|Any CPU.ActiveCfg = Debug|Any CPU
		{FB12E30F-8914-4D43-8F8E-32E66A22C816}.Debug|Any CPU.Build.0 = Debug|Any CPU
		{FB12E30F-8914-4D43-8F8E-32E66A22C816}.Release|Any CPU.ActiveCfg = Release|Any CPU
		{FB12E30F-8914-4D43-8F8E-32E66A22C816}.Release|Any CPU.Build.0 = Release|Any CPU
	EndGlobalSection
	GlobalSection(SolutionProperties) = preSolution
		HideSolutionNode = FALSE
	EndGlobalSection
	GlobalSection(ExtensibilityGlobals) = postSolution
		SolutionGuid = {620DD4EF-41C0-4712-93EC-0D475ED7D2A1}
	EndGlobalSection
EndGlobal
